
Microsoft Visual Studio Solution File, Format Version 12.00
# Visual Studio Version 17
VisualStudioVersion = 17.0.32014.148
MinimumVisualStudioVersion = 10.0.40219.1
Project("{FAE04EC0-301F-11D3-BF4B-00C04F79EFBC}") = "Simple.Http", "Simple.Http.csproj", "{5D44C841-8F41-411E-8783-3F30C503BD29}"
EndProject
Global
	GlobalSection(SolutionConfigurationPlatforms) = preSolution
		Debug|Any CPU = Debug|Any CPU
		Release|Any CPU = Release|Any CPU
	EndGlobalSection
	GlobalSection(ProjectConfigurationPlatforms) = postSolution
		{5D44C841-8F41-411E-8783-3F30C503BD29}.Debug|Any CPU.ActiveCfg = Debug|Any CPU
		{5D44C841-8F41-411E-8783-3F30C503BD29}.Debug|Any CPU.Build.0 = Debug|Any CPU
		{5D44C841-8F41-411E-8783-3F30C503BD29}.Release|Any CPU.ActiveCfg = Release|Any CPU
		{5D44C841-8F41-411E-8783-3F30C503BD29}.Release|Any CPU.Build.0 = Release|Any CPU
	EndGlobalSection
	GlobalSection(SolutionProperties) = preSolution
		HideSolutionNode = FALSE
	EndGlobalSection
	GlobalSection(ExtensibilityGlobals) = postSolution
		SolutionGuid = {FC9DD94D-F66B-4CC3-92AC-385136880812}
	EndGlobalSection
EndGlobal
